{
  "lockfileVersion": 1,
  "dependencies": {
    "@nivo/annotations": {
      "version": "0.80.0",
      "resolved": "https://registry.npmjs.org/@nivo/annotations/-/annotations-0.80.0.tgz",
      "integrity": "sha512-bC9z0CLjU07LULTMWsqpjovRtHxP7n8oJjqBQBLmHOGB4IfiLbrryBfu9+aEZH3VN2jXHhdpWUz+HxeZzOzsLg=="
    },
    "@nivo/arcs": {
      "version": "0.80.0",
      "resolved": "https://registry.npmjs.org/@nivo/arcs/-/arcs-0.80.0.tgz",
      "integrity": "sha512-g5m/wM36Ey45J3hrVDBPMw1Z6GOgIRwgb5zTh7TFoPuhRBZEDQLmctk8XYOm0xOMVCzsm6WkU5wlSQUeBY6IHQ=="
    },
    "@nivo/axes": {
      "version": "0.80.0",
      "resolved": "https://registry.npmjs.org/@nivo/axes/-/axes-0.80.0.tgz",
      "integrity": "sha512-AsUyaSHGwQVSEK8QXpsn8X+poZxvakLMYW7crKY1xTGPNw+SU4SSBohPVumm2jMH3fTSLNxLhAjWo71GBJXfdA=="
    },
    "@nivo/colors": {
      "version": "0.80.0",
      "resolved": "https://registry.npmjs.org/@nivo/colors/-/colors-0.80.0.tgz",
      "integrity": "sha512-T695Zr411FU4RPo7WDINOAn8f79DPP10SFJmDdEqELE+cbzYVTpXqLGZ7JMv88ko7EOf9qxLQgcBqY69rp9tHQ=="
    },
    "@nivo/core": {
      "version": "0.80.0",
      "resolved": "https://registry.npmjs.org/@nivo/core/-/core-0.80.0.tgz",
      "integrity": "sha512-6caih0RavXdWWSfde+rC2pk17WrX9YQlqK26BrxIdXzv3Ydzlh5SkrC7dR2TEvMGBhunzVeLOfiC2DWT1S8CFg=="
    },
    "@nivo/legends": {
      "version": "0.80.0",
      "resolved": "https://registry.npmjs.org/@nivo/legends/-/legends-0.80.0.tgz",
      "integrity": "sha512-h0IUIPGygpbKIZZZWIxkkxOw4SO0rqPrqDrykjaoQz4CvL4HtLIUS3YRA4akKOVNZfS5agmImjzvIe0s3RvqlQ=="
    },
    "@nivo/line": {
      "version": "0.80.0",
      "resolved": "https://registry.npmjs.org/@nivo/line/-/line-0.80.0.tgz",
      "integrity": "sha512-6UAD/y74qq3DDRnVb+QUPvXYojxMtwXMipGSNvCGk8omv1QZNTaUrbV+eQacvn9yh//a0yZcWipnpq0tGJyJCA=="
    },
    "@nivo/recompose": {
      "version": "0.80.0",
      "resolved": "https://registry.npmjs.org/@nivo/recompose/-/recompose-0.80.0.tgz",
      "integrity": "sha512-iL3g7j3nJGD9+mRDbwNwt/IXDXH6E29mhShY1I7SP91xrfusZV9pSFf4EzyYgruNJk/2iqMuaqn+e+TVFra44A=="
    },
    "@nivo/scales": {
      "version": "0.80.0",
      "resolved": "https://registry.npmjs.org/@nivo/scales/-/scales-0.80.0.tgz",
      "integrity": "sha512-4y2pQdCg+f3n4TKXC2tYuq71veZM+xPRQbOTgGYJpuBvMc7pQsXF9T5z7ryeIG9hkpXkrlyjecU6XcAG7tLSNg==",
      "dependencies": {
        "d3-time": {
          "version": "1.1.0",
          "resolved": "https://registry.npmjs.org/d3-time/-/d3-time-1.1.0.tgz",
          "integrity": "sha512-Xh0isrZ5rPYYdqhAVk8VLnMEidhz5aP7htAADH6MfzgmmicPkTo8LhkLxci61/lCB7n7UmE3bN0leRt+qvkLxA=="
        }
      }
    },
    "@nivo/sunburst": {
      "version": "0.80.0",
      "resolved": "https://registry.npmjs.org/@nivo/sunburst/-/sunburst-0.80.0.tgz",
      "integrity": "sha512-IMjolRg+nwdPpkoyAcgvAzUfzslAd5FASbCuHWZikjcGLrchlAT1sZNchKwYzUSHKSfvs6RrDC4anj4bh7zZFQ=="
    },
    "@nivo/tooltip": {
      "version": "0.80.0",
      "resolved": "https://registry.npmjs.org/@nivo/tooltip/-/tooltip-0.80.0.tgz",
      "integrity": "sha512-qGmrreRwnCsYjn/LAuwBtxBn/tvG8y+rwgd4gkANLBAoXd3bzJyvmkSe+QJPhUG64bq57ibDK+lO2pC48a3/fw=="
    },
    "@nivo/voronoi": {
      "version": "0.80.0",
      "resolved": "https://registry.npmjs.org/@nivo/voronoi/-/voronoi-0.80.0.tgz",
      "integrity": "sha512-zaJV3I3cRu1gHpsXCIEvp6GGlGY8P7D9CwAVCjYDGrz3W/+GKN0kA7qGyHTC97zVxJtfefxSPlP/GtOdxac+qw=="
    },
    "@react-spring/animated": {
      "version": "9.4.5",
      "resolved": "https://registry.npmjs.org/@react-spring/animated/-/animated-9.4.5.tgz",
      "integrity": "sha512-KWqrtvJSMx6Fj9nMJkhTwM9r6LIriExDRV6YHZV9HKQsaolUFppgkOXpC+rsL1JEtEvKv6EkLLmSqHTnuYjiIA=="
    },
    "@react-spring/core": {
      "version": "9.4.5",
      "resolved": "https://registry.npmjs.org/@react-spring/core/-/core-9.4.5.tgz",
      "integrity": "sha512-83u3FzfQmGMJFwZLAJSwF24/ZJctwUkWtyPD7KYtNagrFeQKUH1I05ZuhmCmqW+2w1KDW1SFWQ43RawqfXKiiQ=="
    },
    "@react-spring/rafz": {
      "version": "9.4.5",
      "resolved": "https://registry.npmjs.org/@react-spring/rafz/-/rafz-9.4.5.tgz",
      "integrity": "sha512-swGsutMwvnoyTRxvqhfJBtGM8Ipx6ks0RkIpNX9F/U7XmyPvBMGd3GgX/mqxZUpdlsuI1zr/jiYw+GXZxAlLcQ=="
    },
    "@react-spring/shared": {
      "version": "9.4.5",
      "resolved": "https://registry.npmjs.org/@react-spring/shared/-/shared-9.4.5.tgz",
      "integrity": "sha512-JhMh3nFKsqyag0KM5IIM8BQANGscTdd0mMv3BXsUiMZrcjQTskyfnv5qxEeGWbJGGar52qr5kHuBHtCjQOzniA=="
    },
    "@react-spring/types": {
      "version": "9.4.5",
      "resolved": "https://registry.npmjs.org/@react-spring/types/-/types-9.4.5.tgz",
      "integrity": "sha512-mpRIamoHwql0ogxEUh9yr4TP0xU5CWyZxVQeccGkHHF8kPMErtDXJlxyo0lj+telRF35XNihtPTWoflqtyARmg=="
    },
    "@react-spring/web": {
      "version": "9.4.5",
      "resolved": "https://registry.npmjs.org/@react-spring/web/-/web-9.4.5.tgz",
      "integrity": "sha512-NGAkOtKmOzDEctL7MzRlQGv24sRce++0xAY7KlcxmeVkR7LRSGkoXHaIfm9ObzxPMcPHQYQhf3+X9jepIFNHQA=="
    },
    "d3-array": {
      "version": "2.12.1",
      "resolved": "https://registry.npmjs.org/d3-array/-/d3-array-2.12.1.tgz",
      "integrity": "sha512-B0ErZK/66mHtEsR1TkPEEkwdy+WDesimkM5gpZr5Dsg54BiTA5RXtYW5qTLIAcekaS9xfZrzBLF/OAkB3Qn1YQ=="
    },
    "d3-color": {
      "version": "2.0.0",
      "resolved": "https://registry.npmjs.org/d3-color/-/d3-color-2.0.0.tgz",
      "integrity": "sha512-SPXi0TSKPD4g9tw0NMZFnR95XVgUZiBH+uUTqQuDu1OsE2zomHU7ho0FISciaPvosimixwHFl3WHLGabv6dDgQ=="
    },
    "d3-delaunay": {
      "version": "5.3.0",
      "resolved": "https://registry.npmjs.org/d3-delaunay/-/d3-delaunay-5.3.0.tgz",
      "integrity": "sha512-amALSrOllWVLaHTnDLHwMIiz0d1bBu9gZXd1FiLfXf8sHcX9jrcj81TVZOqD4UX7MgBZZ07c8GxzEgBpJqc74w=="
    },
    "d3-format": {
      "version": "1.4.5",
      "resolved": "https://registry.npmjs.org/d3-format/-/d3-format-1.4.5.tgz",
      "integrity": "sha512-J0piedu6Z8iB6TbIGfZgDzfXxUFN3qQRMofy2oPdXzQibYGqPB/9iMcxr/TGalU+2RsyDO+U4f33id8tbnSRMQ=="
    },
    "d3-hierarchy": {
      "version": "1.1.9",
      "resolved": "https://registry.npmjs.org/d3-hierarchy/-/d3-hierarchy-1.1.9.tgz",
      "integrity": "sha512-j8tPxlqh1srJHAtxfvOUwKNYJkQuBFdM1+JAUfq6xqH5eAqf93L7oG1NVqDa4CpFZNvnNKtCYEUC8KY9yEn9lQ=="
    },
    "d3-interpolate": {
      "version": "2.0.1",
      "resolved": "https://registry.npmjs.org/d3-interpolate/-/d3-interpolate-2.0.1.tgz",
      "integrity": "sha512-c5UhwwTs/yybcmTpAVqwSFl6vrQ8JZJoT5F7xNFK9pymv5C0Ymcc9/LIJHtYIggg/yS9YHw8i8O8tgb9pupjeQ=="
    },
    "d3-path": {
      "version": "1.0.9",
      "resolved": "https://registry.npmjs.org/d3-path/-/d3-path-1.0.9.tgz",
      "integrity": "sha512-VLaYcn81dtHVTjEHd8B+pbe9yHWpXKZUC87PzoFmsFrJqgFwDe/qxfp5MlfsfM1V5E/iVt0MmEbWQ7FVIXh/bg=="
    },
    "d3-scale": {
      "version": "3.3.0",
      "resolved": "https://registry.npmjs.org/d3-scale/-/d3-scale-3.3.0.tgz",
      "integrity": "sha512-1JGp44NQCt5d1g+Yy+GeOnZP7xHo0ii8zsQp6PGzd+C1/dl0KGsp9A7Mxwp+1D1o4unbTTxVdU/ZOIEBoeZPbQ=="
    },
    "d3-scale-chromatic": {
      "version": "2.0.0",
      "resolved": "https://registry.npmjs.org/d3-scale-chromatic/-/d3-scale-chromatic-2.0.0.tgz",
      "integrity": "sha512-LLqy7dJSL8yDy7NRmf6xSlsFZ6zYvJ4BcWFE4zBrOPnQERv9zj24ohnXKRbyi9YHnYV+HN1oEO3iFK971/gkzA=="
    },
    "d3-shape": {
      "version": "1.3.7",
      "resolved": "https://registry.npmjs.org/d3-shape/-/d3-shape-1.3.7.tgz",
      "integrity": "sha512-EUkvKjqPFUAZyOlhY5gzCxCeI0Aep04LwIRpsZ/mLFelJiUfnK56jo5JMDSE7yyP2kLSb6LtF+S5chMk7uqPqw=="
    },
    "d3-time": {
      "version": "2.1.1",
      "resolved": "https://registry.npmjs.org/d3-time/-/d3-time-2.1.1.tgz",
      "integrity": "sha512-/eIQe/eR4kCQwq7yxi7z4c6qEXf2IYGcjoWB5OOQy4Tq9Uv39/947qlDcN2TLkiTzQWzvnsuYPB9TrWaNfipKQ=="
    },
    "d3-time-format": {
      "version": "3.0.0",
      "resolved": "https://registry.npmjs.org/d3-time-format/-/d3-time-format-3.0.0.tgz",
      "integrity": "sha512-UXJh6EKsHBTjopVqZBhFysQcoXSv/5yLONZvkQ5Kk3qbwiUYkdX17Xa1PT6U1ZWXGGfB1ey5L8dKMlFq2DO0Ag=="
    },
    "delaunator": {
      "version": "4.0.1",
      "resolved": "https://registry.npmjs.org/delaunator/-/delaunator-4.0.1.tgz",
      "integrity": "sha512-WNPWi1IRKZfCt/qIDMfERkDp93+iZEmOxN2yy4Jg+Xhv8SLk2UTqqbe1sfiipn0and9QrE914/ihdx82Y/Giag=="
    },
    "internmap": {
      "version": "1.0.1",
      "resolved": "https://registry.npmjs.org/internmap/-/internmap-1.0.1.tgz",
      "integrity": "sha512-lDB5YccMydFBtasVtxnZ3MRBHuaoE8GKsppq+EchKL2U4nK/DmEpPHNH8MZe5HkMtpSiTSOZwfN0tzYjO/lJEw=="
    },
    "katex": {
      "version": "0.9.0",
      "resolved": "https://registry.npmjs.org/katex/-/katex-0.9.0.tgz",
      "integrity": "sha512-lp3x90LT1tDZBW2tjLheJ98wmRMRjUHwk4QpaswT9bhqoQZ+XA4cPcjcQBxgOQNwaOSt6ZeL/a6GKQ1of3LFxQ=="
    },
    "lodash": {
      "version": "4.17.21",
      "resolved": "https://registry.npmjs.org/lodash/-/lodash-4.17.21.tgz",
      "integrity": "sha512-v2kDEe57lecTulaDIuNTPy3Ry4gLGJ6Z1O3vE1krgXZNrsQ+LFTGHVxVjcXPs17LhbZVGedAJv8XZ1tvj5FvSg=="
    },
    "match-at": {
      "version": "0.1.1",
      "resolved": "https://registry.npmjs.org/match-at/-/match-at-0.1.1.tgz",
      "integrity": "sha512-h4Yd392z9mST+dzc+yjuybOGFNOZjmXIPKWjxBd1Bb23r4SmDOsk2NYCU2BMUBGbSpZqwVsZYNq26QS3xfaT3Q=="
    },
    "react-katex": {
      "version": "2.0.2",
      "resolved": "https://registry.npmjs.org/react-katex/-/react-katex-2.0.2.tgz",
      "integrity": "sha512-mk1ezfUF4mBIstjvpfELf9g1rWF1Y1+idXMiOvkFvCLi0JFZDCQdui59VqQcI2ynOpb0jj52TM4kyBjKG+qEBg=="
    },
    "react-lifecycles-compat": {
      "version": "3.0.4",
      "resolved": "https://registry.npmjs.org/react-lifecycles-compat/-/react-lifecycles-compat-3.0.4.tgz",
      "integrity": "sha512-fBASbA6LnOU9dOU2eW7aQ8xmYBSXUIWr+UmF9b1efZBazGNO+rcXT/icdKnYm2pTwcRylVUYwW7H1PHfLekVzA=="
    }
  }
}
